# This file is generated by running "yarn install" inside your project.
# Manual changes might be lost - proceed with caution!

__metadata:
  version: 6
  cacheKey: 8

"@supabase/auth-js@npm:2.65.1":
  version: 2.65.1
  resolution: "@supabase/auth-js@npm:2.65.1"
  dependencies:
    "@supabase/node-fetch": ^2.6.14
  checksum: 5e4a9c4d94b5d8d3e4c6ea113eb4adf84d5bf0b187c775e4577693d18bfba4ffa6fdf9ef236e1f7a2cebf1696948cba1ec8cafd705a6493b63ecb7807cee86ac
  languageName: node
  linkType: hard

"@supabase/functions-js@npm:2.4.3":
  version: 2.4.3
  resolution: "@supabase/functions-js@npm:2.4.3"
  dependencies:
    "@supabase/node-fetch": ^2.6.14
  checksum: 1c2d58b498c19bd0c8984407f1d4c207ac6816df5e38c52f0d009a9ae55cfd80cc3b74b66414b386c3dc5c972b7db99452aeed545f9f5d6472ebb631274261a8
  languageName: node
  linkType: hard

"@supabase/node-fetch@npm:2.6.15, @supabase/node-fetch@npm:^2.6.14":
  version: 2.6.15
  resolution: "@supabase/node-fetch@npm:2.6.15"
  dependencies:
    whatwg-url: ^5.0.0
  checksum: 9673b49236a56df49eb7ea5cb789cf4e8b1393069b84b4964ac052995e318a34872f428726d128f232139e17c3375a531e45e99edd3e96a25cce60d914b53879
  languageName: node
  linkType: hard

"@supabase/postgrest-js@npm:1.16.3":
  version: 1.16.3
  resolution: "@supabase/postgrest-js@npm:1.16.3"
  dependencies:
    "@supabase/node-fetch": ^2.6.14
  checksum: e89f3d75b8d7253de19356c9f57ca1674cd09a62a5229bf80705450bebf0cbe0ca667333a5e349c13eb10a74dfcbb316d574399b734591d96389d5e2ff2f0801
  languageName: node
  linkType: hard

"@supabase/realtime-js@npm:2.10.7":
  version: 2.10.7
  resolution: "@supabase/realtime-js@npm:2.10.7"
  dependencies:
    "@supabase/node-fetch": ^2.6.14
    "@types/phoenix": ^1.5.4
    "@types/ws": ^8.5.10
    ws: ^8.14.2
  checksum: fd0a39a096c691782732eac5a08f5b150c7fbb0b8d73e91c0d7a4df9accd5835a760d3ed984c4640e3c7a72e4e8ece31ce1bbeedd47e4aacb3476c5a53e95791
  languageName: node
  linkType: hard

"@supabase/storage-js@npm:2.7.1":
  version: 2.7.1
  resolution: "@supabase/storage-js@npm:2.7.1"
  dependencies:
    "@supabase/node-fetch": ^2.6.14
  checksum: ed8f3a3178856c331b36588f4fff5cbb7f2f89977fff9716ab20b1977d13816bda5a887a316638f2a05ac35fdef46e18eab8a543d6113de76d3a06b15bf9ae8e
  languageName: node
  linkType: hard

"@supabase/supabase-js@npm:^2.46.1":
  version: 2.46.1
  resolution: "@supabase/supabase-js@npm:2.46.1"
  dependencies:
    "@supabase/auth-js": 2.65.1
    "@supabase/functions-js": 2.4.3
    "@supabase/node-fetch": 2.6.15
    "@supabase/postgrest-js": 1.16.3
    "@supabase/realtime-js": 2.10.7
    "@supabase/storage-js": 2.7.1
  checksum: 5f8c143124adab36a145c78a1c9799e0fd80598d64904e99e907efa3c6ae1a6f3c95c97b2c9a493690d6761169d9fe138f885c7f3885e376a5928676c616c5fc
  languageName: node
  linkType: hard

"@types/node@npm:*":
  version: 22.9.0
  resolution: "@types/node@npm:22.9.0"
  dependencies:
    undici-types: ~6.19.8
  checksum: c014eb3b8a110f1b87b614a40ef288d13e6b08ae9d5dafbd38951a2eebc24d352dc55330ed9d00c97ee9e64483c3cc14c4aa914c5df7ca7b9eaa1a30b2340dbd
  languageName: node
  linkType: hard

"@types/phoenix@npm:^1.5.4":
  version: 1.6.5
  resolution: "@types/phoenix@npm:1.6.5"
  checksum: b87416393159f0ba2812875fc2721914a3284cde8b1f263dfcd46f4149dae7f4efc2bfa062d558c8bbfb7ae2a9d802487b0dd4744ff08799386cbc49c19368f0
  languageName: node
  linkType: hard

"@types/ws@npm:^8.5.10":
  version: 8.5.13
  resolution: "@types/ws@npm:8.5.13"
  dependencies:
    "@types/node": "*"
  checksum: f17023ce7b89c6124249c90211803a4aaa02886e12bc2d0d2cd47fa665eeb058db4d871ce4397d8e423f6beea97dd56835dd3fdbb921030fe4d887601e37d609
  languageName: node
  linkType: hard

"root-workspace-0b6124@workspace:.":
  version: 0.0.0-use.local
  resolution: "root-workspace-0b6124@workspace:."
  dependencies:
    "@supabase/supabase-js": ^2.46.1
    typescript: ^5.6.3
  languageName: unknown
  linkType: soft

"tr46@npm:~0.0.3":
  version: 0.0.3
  resolution: "tr46@npm:0.0.3"
  checksum: 726321c5eaf41b5002e17ffbd1fb7245999a073e8979085dacd47c4b4e8068ff5777142fc6726d6ca1fd2ff16921b48788b87225cbc57c72636f6efa8efbffe3
  languageName: node
  linkType: hard

"typescript@npm:^5.6.3":
  version: 5.6.3
  resolution: "typescript@npm:5.6.3"
  bin:
    tsc: bin/tsc
    tsserver: bin/tsserver
  checksum: ba302f8822777ebefb28b554105f3e074466b671e7444ec6b75dadc008a62f46f373d9e57ceced1c433756d06c8b7dc569a7eefdf3a9573122a49205ff99021a
  languageName: node
  linkType: hard

"typescript@patch:typescript@^5.6.3#~builtin<compat/typescript>":
  version: 5.6.3
  resolution: "typescript@patch:typescript@npm%3A5.6.3#~builtin<compat/typescript>::version=5.6.3&hash=29ae49"
  bin:
    tsc: bin/tsc
    tsserver: bin/tsserver
  checksum: ade87bce2363ee963eed0e4ca8a312ea02c81873ebd53609bc3f6dc0a57f6e61ad7e3fb8cbb7f7ab8b5081cbee801b023f7c4823ee70b1c447eae050e6c7622b
  languageName: node
  linkType: hard

"undici-types@npm:~6.19.8":
  version: 6.19.8
  resolution: "undici-types@npm:6.19.8"
  checksum: de51f1b447d22571cf155dfe14ff6d12c5bdaec237c765085b439c38ca8518fc360e88c70f99469162bf2e14188a7b0bcb06e1ed2dc031042b984b0bb9544017
  languageName: node
  linkType: hard

"webidl-conversions@npm:^3.0.0":
  version: 3.0.1
  resolution: "webidl-conversions@npm:3.0.1"
  checksum: c92a0a6ab95314bde9c32e1d0a6dfac83b578f8fa5f21e675bc2706ed6981bc26b7eb7e6a1fab158e5ce4adf9caa4a0aee49a52505d4d13c7be545f15021b17c
  languageName: node
  linkType: hard

"whatwg-url@npm:^5.0.0":
  version: 5.0.0
  resolution: "whatwg-url@npm:5.0.0"
  dependencies:
    tr46: ~0.0.3
    webidl-conversions: ^3.0.0
  checksum: b8daed4ad3356cc4899048a15b2c143a9aed0dfae1f611ebd55073310c7b910f522ad75d727346ad64203d7e6c79ef25eafd465f4d12775ca44b90fa82ed9e2c
  languageName: node
  linkType: hard

"ws@npm:^8.14.2":
  version: 8.18.0
  resolution: "ws@npm:8.18.0"
  peerDependencies:
    bufferutil: ^4.0.1
    utf-8-validate: ">=5.0.2"
  peerDependenciesMeta:
    bufferutil:
      optional: true
    utf-8-validate:
      optional: true
  checksum: 91d4d35bc99ff6df483bdf029b9ea4bfd7af1f16fc91231a96777a63d263e1eabf486e13a2353970efc534f9faa43bdbf9ee76525af22f4752cbc5ebda333975
  languageName: node
  linkType: hard
